
Microsoft Visual Studio Solution File, Format Version 12.00
# Visual Studio Version 16
VisualStudioVersion = 16.0.30621.155
MinimumVisualStudioVersion = 10.0.40219.1
Project("{FAE04EC0-301F-11D3-BF4B-00C04F79EFBC}") = "BudloApp", "BudloApp\BudloApp.csproj", "{4BD3D718-BDEC-4886-AAB1-9CF6A2F258A4}"
EndProject
Global
	GlobalSection(SolutionConfigurationPlatforms) = preSolution
		Debug|Any CPU = Debug|Any CPU
		Release|Any CPU = Release|Any CPU
	EndGlobalSection
	GlobalSection(ProjectConfigurationPlatforms) = postSolution
		{4BD3D718-BDEC-4886-AAB1-9CF6A2F258A4}.Debug|Any CPU.ActiveCfg = Debug|Any CPU
		{4BD3D718-BDEC-4886-AAB1-9CF6A2F258A4}.Debug|Any CPU.Build.0 = Debug|Any CPU
		{4BD3D718-BDEC-4886-AAB1-9CF6A2F258A4}.Release|Any CPU.ActiveCfg = Release|Any CPU
		{4BD3D718-BDEC-4886-AAB1-9CF6A2F258A4}.Release|Any CPU.Build.0 = Release|Any CPU
	EndGlobalSection
	GlobalSection(SolutionProperties) = preSolution
		HideSolutionNode = FALSE
	EndGlobalSection
	GlobalSection(ExtensibilityGlobals) = postSolution
		SolutionGuid = {216E377E-BDD5-48E7-9C6B-3A4503460A19}
	EndGlobalSection
EndGlobal
